
Microsoft Visual Studio Solution File, Format Version 12.00
# Visual Studio Version 17
VisualStudioVersion = 17.4.33213.308
MinimumVisualStudioVersion = 10.0.40219.1
Project("{9A19103F-16F7-4668-BE54-9A1E7A4F7556}") = "Common", "Common\Common.csproj", "{F37B4965-E139-43C8-96F4-B44AB3C045AF}"
EndProject
Project("{9A19103F-16F7-4668-BE54-9A1E7A4F7556}") = "Original", "Original\Original.csproj", "{7A10F93B-AED3-45F2-8E67-C4FD39731B13}"
EndProject
Project("{9A19103F-16F7-4668-BE54-9A1E7A4F7556}") = "Tests", "Tests\Tests.csproj", "{BE37F727-D7A7-4AE7-8F9E-80CF233240A3}"
EndProject
Project("{2150E333-8FDC-42A3-9474-1A3956D46DE8}") = "Solution Items", "Solution Items", "{0D573802-49D8-4965-AAB5-32E2EA1E3568}"
	ProjectSection(SolutionItems) = preProject
		.gitignore = .gitignore
	EndProjectSection
EndProject
Project("{9A19103F-16F7-4668-BE54-9A1E7A4F7556}") = "Singleton", "Singleton\Singleton.csproj", "{B5C00994-723C-4AE0-BAF8-A7F9B58B1228}"
EndProject
Project("{9A19103F-16F7-4668-BE54-9A1E7A4F7556}") = "Mediator", "Mediator\Mediator.csproj", "{6F97E1EF-7CEC-4660-B6F9-80C7FD5ECF5F}"
EndProject
Project("{9A19103F-16F7-4668-BE54-9A1E7A4F7556}") = "Command", "Command\Command.csproj", "{89684409-F207-41A7-A0A2-F93C38DA2E15}"
EndProject
Project("{9A19103F-16F7-4668-BE54-9A1E7A4F7556}") = "Memento", "Memento\Memento.csproj", "{14F22CB6-199C-4F06-ABA9-A67628A6FD54}"
EndProject
Project("{9A19103F-16F7-4668-BE54-9A1E7A4F7556}") = "Visitor", "Visitor\Visitor.csproj", "{86462A20-8678-4414-8583-12A9154DD1A7}"
EndProject
Global
	GlobalSection(SolutionConfigurationPlatforms) = preSolution
		Debug|Any CPU = Debug|Any CPU
		Release|Any CPU = Release|Any CPU
	EndGlobalSection
	GlobalSection(ProjectConfigurationPlatforms) = postSolution
		{F37B4965-E139-43C8-96F4-B44AB3C045AF}.Debug|Any CPU.ActiveCfg = Debug|Any CPU
		{F37B4965-E139-43C8-96F4-B44AB3C045AF}.Debug|Any CPU.Build.0 = Debug|Any CPU
		{F37B4965-E139-43C8-96F4-B44AB3C045AF}.Release|Any CPU.ActiveCfg = Release|Any CPU
		{F37B4965-E139-43C8-96F4-B44AB3C045AF}.Release|Any CPU.Build.0 = Release|Any CPU
		{7A10F93B-AED3-45F2-8E67-C4FD39731B13}.Debug|Any CPU.ActiveCfg = Debug|Any CPU
		{7A10F93B-AED3-45F2-8E67-C4FD39731B13}.Debug|Any CPU.Build.0 = Debug|Any CPU
		{7A10F93B-AED3-45F2-8E67-C4FD39731B13}.Release|Any CPU.ActiveCfg = Release|Any CPU
		{7A10F93B-AED3-45F2-8E67-C4FD39731B13}.Release|Any CPU.Build.0 = Release|Any CPU
		{BE37F727-D7A7-4AE7-8F9E-80CF233240A3}.Debug|Any CPU.ActiveCfg = Debug|Any CPU
		{BE37F727-D7A7-4AE7-8F9E-80CF233240A3}.Debug|Any CPU.Build.0 = Debug|Any CPU
		{BE37F727-D7A7-4AE7-8F9E-80CF233240A3}.Release|Any CPU.ActiveCfg = Release|Any CPU
		{BE37F727-D7A7-4AE7-8F9E-80CF233240A3}.Release|Any CPU.Build.0 = Release|Any CPU
		{B5C00994-723C-4AE0-BAF8-A7F9B58B1228}.Debug|Any CPU.ActiveCfg = Debug|Any CPU
		{B5C00994-723C-4AE0-BAF8-A7F9B58B1228}.Debug|Any CPU.Build.0 = Debug|Any CPU
		{B5C00994-723C-4AE0-BAF8-A7F9B58B1228}.Release|Any CPU.ActiveCfg = Release|Any CPU
		{B5C00994-723C-4AE0-BAF8-A7F9B58B1228}.Release|Any CPU.Build.0 = Release|Any CPU
		{6F97E1EF-7CEC-4660-B6F9-80C7FD5ECF5F}.Debug|Any CPU.ActiveCfg = Debug|Any CPU
		{6F97E1EF-7CEC-4660-B6F9-80C7FD5ECF5F}.Debug|Any CPU.Build.0 = Debug|Any CPU
		{6F97E1EF-7CEC-4660-B6F9-80C7FD5ECF5F}.Release|Any CPU.ActiveCfg = Release|Any CPU
		{6F97E1EF-7CEC-4660-B6F9-80C7FD5ECF5F}.Release|Any CPU.Build.0 = Release|Any CPU
		{89684409-F207-41A7-A0A2-F93C38DA2E15}.Debug|Any CPU.ActiveCfg = Debug|Any CPU
		{89684409-F207-41A7-A0A2-F93C38DA2E15}.Debug|Any CPU.Build.0 = Debug|Any CPU
		{89684409-F207-41A7-A0A2-F93C38DA2E15}.Release|Any CPU.ActiveCfg = Release|Any CPU
		{89684409-F207-41A7-A0A2-F93C38DA2E15}.Release|Any CPU.Build.0 = Release|Any CPU
		{14F22CB6-199C-4F06-ABA9-A67628A6FD54}.Debug|Any CPU.ActiveCfg = Debug|Any CPU
		{14F22CB6-199C-4F06-ABA9-A67628A6FD54}.Debug|Any CPU.Build.0 = Debug|Any CPU
		{14F22CB6-199C-4F06-ABA9-A67628A6FD54}.Release|Any CPU.ActiveCfg = Release|Any CPU
		{14F22CB6-199C-4F06-ABA9-A67628A6FD54}.Release|Any CPU.Build.0 = Release|Any CPU
		{86462A20-8678-4414-8583-12A9154DD1A7}.Debug|Any CPU.ActiveCfg = Debug|Any CPU
		{86462A20-8678-4414-8583-12A9154DD1A7}.Debug|Any CPU.Build.0 = Debug|Any CPU
		{86462A20-8678-4414-8583-12A9154DD1A7}.Release|Any CPU.ActiveCfg = Release|Any CPU
		{86462A20-8678-4414-8583-12A9154DD1A7}.Release|Any CPU.Build.0 = Release|Any CPU
	EndGlobalSection
	GlobalSection(SolutionProperties) = preSolution
		HideSolutionNode = FALSE
	EndGlobalSection
	GlobalSection(ExtensibilityGlobals) = postSolution
		SolutionGuid = {921D46FA-11F9-4C6F-858A-D524773785A6}
	EndGlobalSection
EndGlobal
